
Microsoft Visual Studio Solution File, Format Version 12.00
# Visual Studio 15
VisualStudioVersion = 15.0.27703.2042
MinimumVisualStudioVersion = 10.0.40219.1
Project("{FAE04EC0-301F-11D3-BF4B-00C04F79EFBC}") = "CityInfo.API", "CityInfo.API\CityInfo.API.csproj", "{205D69E3-821D-45A6-9F56-C17072405AE7}"
EndProject
Global
	GlobalSection(SolutionConfigurationPlatforms) = preSolution
		Debug|Any CPU = Debug|Any CPU
		Release|Any CPU = Release|Any CPU
	EndGlobalSection
	GlobalSection(ProjectConfigurationPlatforms) = postSolution
		{205D69E3-821D-45A6-9F56-C17072405AE7}.Debug|Any CPU.ActiveCfg = Debug|Any CPU
		{205D69E3-821D-45A6-9F56-C17072405AE7}.Debug|Any CPU.Build.0 = Debug|Any CPU
		{205D69E3-821D-45A6-9F56-C17072405AE7}.Release|Any CPU.ActiveCfg = Release|Any CPU
		{205D69E3-821D-45A6-9F56-C17072405AE7}.Release|Any CPU.Build.0 = Release|Any CPU
	EndGlobalSection
	GlobalSection(SolutionProperties) = preSolution
		HideSolutionNode = FALSE
	EndGlobalSection
	GlobalSection(ExtensibilityGlobals) = postSolution
		SolutionGuid = {4DC1FC33-61A5-42B1-BB06-71C082D51E6A}
	EndGlobalSection
EndGlobal
